// !$*UTF8*$!
{
	archiveVersion = 1;
	classes = {
	};
	objectVersion = 48;
	objects = {

/* Begin PBXBuildFile section */
		236378255620D61E74EF6A66 /* Pods_Tumblr_Feed.framework in Frameworks */ = {isa = PBXBuildFile; fileRef = 538B2608C6E0F45F5893E66E /* Pods_Tumblr_Feed.framework */; };
		3F0161542033918A00F6055F /* PhotoDetailViewController.swift in Sources */ = {isa = PBXBuildFile; fileRef = 3F0161532033918A00F6055F /* PhotoDetailViewController.swift */; };
		454451852027DA0200EA2A48 /* AppDelegate.swift in Sources */ = {isa = PBXBuildFile; fileRef = 454451842027DA0200EA2A48 /* AppDelegate.swift */; };
		4544518A2027DA0200EA2A48 /* Main.storyboard in Resources */ = {isa = PBXBuildFile; fileRef = 454451882027DA0200EA2A48 /* Main.storyboard */; };
		4544518C2027DA0200EA2A48 /* Assets.xcassets in Resources */ = {isa = PBXBuildFile; fileRef = 4544518B2027DA0200EA2A48 /* Assets.xcassets */; };
		4544518F2027DA0200EA2A48 /* LaunchScreen.storyboard in Resources */ = {isa = PBXBuildFile; fileRef = 4544518D2027DA0200EA2A48 /* LaunchScreen.storyboard */; };
		4544519A2027DA0200EA2A48 /* Tumblr_FeedTests.swift in Sources */ = {isa = PBXBuildFile; fileRef = 454451992027DA0200EA2A48 /* Tumblr_FeedTests.swift */; };
		454451A52027DA0200EA2A48 /* Tumblr_FeedUITests.swift in Sources */ = {isa = PBXBuildFile; fileRef = 454451A42027DA0200EA2A48 /* Tumblr_FeedUITests.swift */; };
		454451B32027DA3400EA2A48 /* PhotoViewController.swift in Sources */ = {isa = PBXBuildFile; fileRef = 454451B22027DA3400EA2A48 /* PhotoViewController.swift */; };
		454451B52027E7C800EA2A48 /* PhotoCell.swift in Sources */ = {isa = PBXBuildFile; fileRef = 454451B42027E7C800EA2A48 /* PhotoCell.swift */; };
		5D24AA1E0A86EC13E40D97BE /* Pods_Tumblr_FeedUITests.framework in Frameworks */ = {isa = PBXBuildFile; fileRef = E586A2919F064E355DC67591 /* Pods_Tumblr_FeedUITests.framework */; };
		C741166265EC1F244BCE1B3E /* Pods_Tumblr_FeedTests.framework in Frameworks */ = {isa = PBXBuildFile; fileRef = 49696171A89E6995F6D8D8BE /* Pods_Tumblr_FeedTests.framework */; };
/* End PBXBuildFile section */

/* Begin PBXContainerItemProxy section */
		454451962027DA0200EA2A48 /* PBXContainerItemProxy */ = {
			isa = PBXContainerItemProxy;
			containerPortal = 454451792027DA0200EA2A48 /* Project object */;
			proxyType = 1;
			remoteGlobalIDString = 454451802027DA0200EA2A48;
			remoteInfo = "Tumblr-Feed";
		};
		454451A12027DA0200EA2A48 /* PBXContainerItemProxy */ = {
			isa = PBXContainerItemProxy;
			containerPortal = 454451792027DA0200EA2A48 /* Project object */;
			proxyType = 1;
			remoteGlobalIDString = 454451802027DA0200EA2A48;
			remoteInfo = "Tumblr-Feed";
		};
/* End PBXContainerItemProxy section */

/* Begin PBXFileReference section */
		1CBBABBD84167781E1A4444E /* Pods-Tumblr-FeedUITests.release.xcconfig */ = {isa = PBXFileReference; includeInIndex = 1; lastKnownFileType = text.xcconfig; name = "Pods-Tumblr-FeedUITests.release.xcconfig"; path = "Pods/Target Support Files/Pods-Tumblr-FeedUITests/Pods-Tumblr-FeedUITests.release.xcconfig"; sourceTree = "<group>"; };
		38D556142C03BACD189626FC /* Pods-Tumblr-Feed.release.xcconfig */ = {isa = PBXFileReference; includeInIndex = 1; lastKnownFileType = text.xcconfig; name = "Pods-Tumblr-Feed.release.xcconfig"; path = "Pods/Target Support Files/Pods-Tumblr-Feed/Pods-Tumblr-Feed.release.xcconfig"; sourceTree = "<group>"; };
		3F0161532033918A00F6055F /* PhotoDetailViewController.swift */ = {isa = PBXFileReference; lastKnownFileType = sourcecode.swift; path = PhotoDetailViewController.swift; sourceTree = "<group>"; };
		454451812027DA0200EA2A48 /* Tumblr-Feed.app */ = {isa = PBXFileReference; explicitFileType = wrapper.application; includeInIndex = 0; path = "Tumblr-Feed.app"; sourceTree = BUILT_PRODUCTS_DIR; };
		454451842027DA0200EA2A48 /* AppDelegate.swift */ = {isa = PBXFileReference; lastKnownFileType = sourcecode.swift; path = AppDelegate.swift; sourceTree = "<group>"; };
		454451892027DA0200EA2A48 /* Base */ = {isa = PBXFileReference; lastKnownFileType = file.storyboard; name = Base; path = Base.lproj/Main.storyboard; sourceTree = "<group>"; };
		4544518B2027DA0200EA2A48 /* Assets.xcassets */ = {isa = PBXFileReference; lastKnownFileType = folder.assetcatalog; path = Assets.xcassets; sourceTree = "<group>"; };
		4544518E2027DA0200EA2A48 /* Base */ = {isa = PBXFileReference; lastKnownFileType = file.storyboard; name = Base; path = Base.lproj/LaunchScreen.storyboard; sourceTree = "<group>"; };
		454451902027DA0200EA2A48 /* Info.plist */ = {isa = PBXFileReference; lastKnownFileType = text.plist.xml; path = Info.plist; sourceTree = "<group>"; };
		454451952027DA0200EA2A48 /* Tumblr-FeedTests.xctest */ = {isa = PBXFileReference; explicitFileType = wrapper.cfbundle; includeInIndex = 0; path = "Tumblr-FeedTests.xctest"; sourceTree = BUILT_PRODUCTS_DIR; };
		454451992027DA0200EA2A48 /* Tumblr_FeedTests.swift */ = {isa = PBXFileReference; lastKnownFileType = sourcecode.swift; path = Tumblr_FeedTests.swift; sourceTree = "<group>"; };
		4544519B2027DA0200EA2A48 /* Info.plist */ = {isa = PBXFileReference; lastKnownFileType = text.plist.xml; path = Info.plist; sourceTree = "<group>"; };
		454451A02027DA0200EA2A48 /* Tumblr-FeedUITests.xctest */ = {isa = PBXFileReference; explicitFileType = wrapper.cfbundle; includeInIndex = 0; path = "Tumblr-FeedUITests.xctest"; sourceTree = BUILT_PRODUCTS_DIR; };
		454451A42027DA0200EA2A48 /* Tumblr_FeedUITests.swift */ = {isa = PBXFileReference; lastKnownFileType = sourcecode.swift; path = Tumblr_FeedUITests.swift; sourceTree = "<group>"; };
		454451A62027DA0200EA2A48 /* Info.plist */ = {isa = PBXFileReference; lastKnownFileType = text.plist.xml; path = Info.plist; sourceTree = "<group>"; };
		454451B22027DA3400EA2A48 /* PhotoViewController.swift */ = {isa = PBXFileReference; lastKnownFileType = sourcecode.swift; path = PhotoViewController.swift; sourceTree = "<group>"; };
		454451B42027E7C800EA2A48 /* PhotoCell.swift */ = {isa = PBXFileReference; lastKnownFileType = sourcecode.swift; path = PhotoCell.swift; sourceTree = "<group>"; };
		49696171A89E6995F6D8D8BE /* Pods_Tumblr_FeedTests.framework */ = {isa = PBXFileReference; explicitFileType = wrapper.framework; includeInIndex = 0; path = Pods_Tumblr_FeedTests.framework; sourceTree = BUILT_PRODUCTS_DIR; };
		538B2608C6E0F45F5893E66E /* Pods_Tumblr_Feed.framework */ = {isa = PBXFileReference; explicitFileType = wrapper.framework; includeInIndex = 0; path = Pods_Tumblr_Feed.framework; sourceTree = BUILT_PRODUCTS_DIR; };
		A641449B3579396BC625EC59 /* Pods-Tumblr-FeedTests.debug.xcconfig */ = {isa = PBXFileReference; includeInIndex = 1; lastKnownFileType = text.xcconfig; name = "Pods-Tumblr-FeedTests.debug.xcconfig"; path = "Pods/Target Support Files/Pods-Tumblr-FeedTests/Pods-Tumblr-FeedTests.debug.xcconfig"; sourceTree = "<group>"; };
		B3EB9877C4F41093E22E8EC2 /* Pods-Tumblr-Feed.debug.xcconfig */ = {isa = PBXFileReference; includeInIndex = 1; lastKnownFileType = text.xcconfig; name = "Pods-Tumblr-Feed.debug.xcconfig"; path = "Pods/Target Support Files/Pods-Tumblr-Feed/Pods-Tumblr-Feed.debug.xcconfig"; sourceTree = "<group>"; };
		BE5E05934B079A69DAA30FCB /* Pods-Tumblr-FeedTests.release.xcconfig */ = {isa = PBXFileReference; includeInIndex = 1; lastKnownFileType = text.xcconfig; name = "Pods-Tumblr-FeedTests.release.xcconfig"; path = "Pods/Target Support Files/Pods-Tumblr-FeedTests/Pods-Tumblr-FeedTests.release.xcconfig"; sourceTree = "<group>"; };
		E586A2919F064E355DC67591 /* Pods_Tumblr_FeedUITests.framework */ = {isa = PBXFileReference; explicitFileType = wrapper.framework; includeInIndex = 0; path = Pods_Tumblr_FeedUITests.framework; sourceTree = BUILT_PRODUCTS_DIR; };
		FAB6B337239CCCB130E9B473 /* Pods-Tumblr-FeedUITests.debug.xcconfig */ = {isa = PBXFileReference; includeInIndex = 1; lastKnownFileType = text.xcconfig; name = "Pods-Tumblr-FeedUITests.debug.xcconfig"; path = "Pods/Target Support Files/Pods-Tumblr-FeedUITests/Pods-Tumblr-FeedUITests.debug.xcconfig"; sourceTree = "<group>"; };
/* End PBXFileReference section */

/* Begin PBXFrameworksBuildPhase section */
		4544517E2027DA0200EA2A48 /* Frameworks */ = {
			isa = PBXFrameworksBuildPhase;
			buildActionMask = 2147483647;
			files = (
				236378255620D61E74EF6A66 /* Pods_Tumblr_Feed.framework in Frameworks */,
			);
			runOnlyForDeploymentPostprocessing = 0;
		};
		454451922027DA0200EA2A48 /* Frameworks */ = {
			isa = PBXFrameworksBuildPhase;
			buildActionMask = 2147483647;
			files = (
				C741166265EC1F244BCE1B3E /* Pods_Tumblr_FeedTests.framework in Frameworks */,
			);
			runOnlyForDeploymentPostprocessing = 0;
		};
		4544519D2027DA0200EA2A48 /* Frameworks */ = {
			isa = PBXFrameworksBuildPhase;
			buildActionMask = 2147483647;
			files = (
				5D24AA1E0A86EC13E40D97BE /* Pods_Tumblr_FeedUITests.framework in Frameworks */,
			);
			runOnlyForDeploymentPostprocessing = 0;
		};
/* End PBXFrameworksBuildPhase section */

/* Begin PBXGroup section */
		454451782027DA0100EA2A48 = {
			isa = PBXGroup;
			children = (
				454451832027DA0200EA2A48 /* Tumblr-Feed */,
				454451982027DA0200EA2A48 /* Tumblr-FeedTests */,
				454451A32027DA0200EA2A48 /* Tumblr-FeedUITests */,
				454451822027DA0200EA2A48 /* Products */,
				CF6C6454F99A4C772915E8F0 /* Pods */,
				8FFC6F6E448A9B7FF237C582 /* Frameworks */,
			);
			sourceTree = "<group>";
		};
		454451822027DA0200EA2A48 /* Products */ = {
			isa = PBXGroup;
			children = (
				454451812027DA0200EA2A48 /* Tumblr-Feed.app */,
				454451952027DA0200EA2A48 /* Tumblr-FeedTests.xctest */,
				454451A02027DA0200EA2A48 /* Tumblr-FeedUITests.xctest */,
			);
			name = Products;
			sourceTree = "<group>";
		};
		454451832027DA0200EA2A48 /* Tumblr-Feed */ = {
			isa = PBXGroup;
			children = (
				454451842027DA0200EA2A48 /* AppDelegate.swift */,
				454451882027DA0200EA2A48 /* Main.storyboard */,
				4544518B2027DA0200EA2A48 /* Assets.xcassets */,
				4544518D2027DA0200EA2A48 /* LaunchScreen.storyboard */,
				454451902027DA0200EA2A48 /* Info.plist */,
				454451B22027DA3400EA2A48 /* PhotoViewController.swift */,
				454451B42027E7C800EA2A48 /* PhotoCell.swift */,
				3F0161532033918A00F6055F /* PhotoDetailViewController.swift */,
			);
			path = "Tumblr-Feed";
			sourceTree = "<group>";
		};
		454451982027DA0200EA2A48 /* Tumblr-FeedTests */ = {
			isa = PBXGroup;
			children = (
				454451992027DA0200EA2A48 /* Tumblr_FeedTests.swift */,
				4544519B2027DA0200EA2A48 /* Info.plist */,
			);
			path = "Tumblr-FeedTests";
			sourceTree = "<group>";
		};
		454451A32027DA0200EA2A48 /* Tumblr-FeedUITests */ = {
			isa = PBXGroup;
			children = (
				454451A42027DA0200EA2A48 /* Tumblr_FeedUITests.swift */,
				454451A62027DA0200EA2A48 /* Info.plist */,
			);
			path = "Tumblr-FeedUITests";
			sourceTree = "<group>";
		};
		8FFC6F6E448A9B7FF237C582 /* Frameworks */ = {
			isa = PBXGroup;
			children = (
				538B2608C6E0F45F5893E66E /* Pods_Tumblr_Feed.framework */,
				49696171A89E6995F6D8D8BE /* Pods_Tumblr_FeedTests.framework */,
				E586A2919F064E355DC67591 /* Pods_Tumblr_FeedUITests.framework */,
			);
			name = Frameworks;
			sourceTree = "<group>";
		};
		CF6C6454F99A4C772915E8F0 /* Pods */ = {
			isa = PBXGroup;
			children = (
				B3EB9877C4F41093E22E8EC2 /* Pods-Tumblr-Feed.debug.xcconfig */,
				38D556142C03BACD189626FC /* Pods-Tumblr-Feed.release.xcconfig */,
				A641449B3579396BC625EC59 /* Pods-Tumblr-FeedTests.debug.xcconfig */,
				BE5E05934B079A69DAA30FCB /* Pods-Tumblr-FeedTests.release.xcconfig */,
				FAB6B337239CCCB130E9B473 /* Pods-Tumblr-FeedUITests.debug.xcconfig */,
				1CBBABBD84167781E1A4444E /* Pods-Tumblr-FeedUITests.release.xcconfig */,
			);
			name = Pods;
			sourceTree = "<group>";
		};
/* End PBXGroup section */

/* Begin PBXNativeTarget section */
		454451802027DA0200EA2A48 /* Tumblr-Feed */ = {
			isa = PBXNativeTarget;
			buildConfigurationList = 454451A92027DA0200EA2A48 /* Build configuration list for PBXNativeTarget "Tumblr-Feed" */;
			buildPhases = (
				05F8E57ACD1B1E17B9734BA9 /* [CP] Check Pods Manifest.lock */,
				4544517D2027DA0200EA2A48 /* Sources */,
				4544517E2027DA0200EA2A48 /* Frameworks */,
				4544517F2027DA0200EA2A48 /* Resources */,
				4B589A7FFC9C312D2E4B0571 /* [CP] Embed Pods Frameworks */,
				F66B1C0FAF90F592C9FD5A38 /* [CP] Copy Pods Resources */,
			);
			buildRules = (
			);
			dependencies = (
			);
			name = "Tumblr-Feed";
			productName = "Tumblr-Feed";
			productReference = 454451812027DA0200EA2A48 /* Tumblr-Feed.app */;
			productType = "com.apple.product-type.application";
		};
		454451942027DA0200EA2A48 /* Tumblr-FeedTests */ = {
			isa = PBXNativeTarget;
			buildConfigurationList = 454451AC2027DA0200EA2A48 /* Build configuration list for PBXNativeTarget "Tumblr-FeedTests" */;
			buildPhases = (
				29CC0337B2C258C24AA71F06 /* [CP] Check Pods Manifest.lock */,
				454451912027DA0200EA2A48 /* Sources */,
				454451922027DA0200EA2A48 /* Frameworks */,
				454451932027DA0200EA2A48 /* Resources */,
				2D17802D5DDBD20AE31EC6F3 /* [CP] Embed Pods Frameworks */,
				642F2022333805293BB89F07 /* [CP] Copy Pods Resources */,
			);
			buildRules = (
			);
			dependencies = (
				454451972027DA0200EA2A48 /* PBXTargetDependency */,
			);
			name = "Tumblr-FeedTests";
			productName = "Tumblr-FeedTests";
			productReference = 454451952027DA0200EA2A48 /* Tumblr-FeedTests.xctest */;
			productType = "com.apple.product-type.bundle.unit-test";
		};
		4544519F2027DA0200EA2A48 /* Tumblr-FeedUITests */ = {
			isa = PBXNativeTarget;
			buildConfigurationList = 454451AF2027DA0200EA2A48 /* Build configuration list for PBXNativeTarget "Tumblr-FeedUITests" */;
			buildPhases = (
				8AA34E46BD762EED1C36C4B1 /* [CP] Check Pods Manifest.lock */,
				4544519C2027DA0200EA2A48 /* Sources */,
				4544519D2027DA0200EA2A48 /* Frameworks */,
				4544519E2027DA0200EA2A48 /* Resources */,
				ECDC7E652778206A028FB891 /* [CP] Embed Pods Frameworks */,
				14B8AE64BE756625114F0928 /* [CP] Copy Pods Resources */,
			);
			buildRules = (
			);
			dependencies = (
				454451A22027DA0200EA2A48 /* PBXTargetDependency */,
			);
			name = "Tumblr-FeedUITests";
			productName = "Tumblr-FeedUITests";
			productReference = 454451A02027DA0200EA2A48 /* Tumblr-FeedUITests.xctest */;
			productType = "com.apple.product-type.bundle.ui-testing";
		};
/* End PBXNativeTarget section */

/* Begin PBXProject section */
		454451792027DA0200EA2A48 /* Project object */ = {
			isa = PBXProject;
			attributes = {
				LastSwiftUpdateCheck = 0920;
				LastUpgradeCheck = 0920;
				ORGANIZATIONNAME = "Aayush Gupta";
				TargetAttributes = {
					454451802027DA0200EA2A48 = {
						CreatedOnToolsVersion = 9.2;
						ProvisioningStyle = Automatic;
					};
					454451942027DA0200EA2A48 = {
						CreatedOnToolsVersion = 9.2;
						ProvisioningStyle = Automatic;
						TestTargetID = 454451802027DA0200EA2A48;
					};
					4544519F2027DA0200EA2A48 = {
						CreatedOnToolsVersion = 9.2;
						ProvisioningStyle = Automatic;
						TestTargetID = 454451802027DA0200EA2A48;
					};
				};
			};
			buildConfigurationList = 4544517C2027DA0200EA2A48 /* Build configuration list for PBXProject "Tumblr-Feed" */;
			compatibilityVersion = "Xcode 8.0";
			developmentRegion = en;
			hasScannedForEncodings = 0;
			knownRegions = (
				en,
				Base,
			);
			mainGroup = 454451782027DA0100EA2A48;
			productRefGroup = 454451822027DA0200EA2A48 /* Products */;
			projectDirPath = "";
			projectRoot = "";
			targets = (
				454451802027DA0200EA2A48 /* Tumblr-Feed */,
				454451942027DA0200EA2A48 /* Tumblr-FeedTests */,
				4544519F2027DA0200EA2A48 /* Tumblr-FeedUITests */,
			);
		};
/* End PBXProject section */

/* Begin PBXResourcesBuildPhase section */
		4544517F2027DA0200EA2A48 /* Resources */ = {
			isa = PBXResourcesBuildPhase;
			buildActionMask = 2147483647;
			files = (
				4544518F2027DA0200EA2A48 /* LaunchScreen.storyboard in Resources */,
				4544518C2027DA0200EA2A48 /* Assets.xcassets in Resources */,
				4544518A2027DA0200EA2A48 /* Main.storyboard in Resources */,
			);
			runOnlyForDeploymentPostprocessing = 0;
		};
		454451932027DA0200EA2A48 /* Resources */ = {
			isa = PBXResourcesBuildPhase;
			buildActionMask = 2147483647;
			files = (
			);
			runOnlyForDeploymentPostprocessing = 0;
		};
		4544519E2027DA0200EA2A48 /* Resources */ = {
			isa = PBXResourcesBuildPhase;
			buildActionMask = 2147483647;
			files = (
			);
			runOnlyForDeploymentPostprocessing = 0;
		};
/* End PBXResourcesBuildPhase section */

/* Begin PBXShellScriptBuildPhase section */
		05F8E57ACD1B1E17B9734BA9 /* [CP] Check Pods Manifest.lock */ = {
			isa = PBXShellScriptBuildPhase;
			buildActionMask = 2147483647;
			files = (
			);
			inputPaths = (
				"${PODS_PODFILE_DIR_PATH}/Podfile.lock",
				"${PODS_ROOT}/Manifest.lock",
			);
			name = "[CP] Check Pods Manifest.lock";
			outputPaths = (
				"$(DERIVED_FILE_DIR)/Pods-Tumblr-Feed-checkManifestLockResult.txt",
			);
			runOnlyForDeploymentPostprocessing = 0;
			shellPath = /bin/sh;
			shellScript = "diff \"${PODS_PODFILE_DIR_PATH}/Podfile.lock\" \"${PODS_ROOT}/Manifest.lock\" > /dev/null\nif [ $? != 0 ] ; then\n    # print error to STDERR\n    echo \"error: The sandbox is not in sync with the Podfile.lock. Run 'pod install' or update your CocoaPods installation.\" >&2\n    exit 1\nfi\n# This output is used by Xcode 'outputs' to avoid re-running this script phase.\necho \"SUCCESS\" > \"${SCRIPT_OUTPUT_FILE_0}\"\n";
			showEnvVarsInLog = 0;
		};
		14B8AE64BE756625114F0928 /* [CP] Copy Pods Resources */ = {
			isa = PBXShellScriptBuildPhase;
			buildActionMask = 2147483647;
			files = (
			);
			inputPaths = (
			);
			name = "[CP] Copy Pods Resources";
			outputPaths = (
			);
			runOnlyForDeploymentPostprocessing = 0;
			shellPath = /bin/sh;
			shellScript = "\"${SRCROOT}/Pods/Target Support Files/Pods-Tumblr-FeedUITests/Pods-Tumblr-FeedUITests-resources.sh\"\n";
			showEnvVarsInLog = 0;
		};
		29CC0337B2C258C24AA71F06 /* [CP] Check Pods Manifest.lock */ = {
			isa = PBXShellScriptBuildPhase;
			buildActionMask = 2147483647;
			files = (
			);
			inputPaths = (
				"${PODS_PODFILE_DIR_PATH}/Podfile.lock",
				"${PODS_ROOT}/Manifest.lock",
			);
			name = "[CP] Check Pods Manifest.lock";
			outputPaths = (
				"$(DERIVED_FILE_DIR)/Pods-Tumblr-FeedTests-checkManifestLockResult.txt",
			);
			runOnlyForDeploymentPostprocessing = 0;
			shellPath = /bin/sh;
			shellScript = "diff \"${PODS_PODFILE_DIR_PATH}/Podfile.lock\" \"${PODS_ROOT}/Manifest.lock\" > /dev/null\nif [ $? != 0 ] ; then\n    # print error to STDERR\n    echo \"error: The sandbox is not in sync with the Podfile.lock. Run 'pod install' or update your CocoaPods installation.\" >&2\n    exit 1\nfi\n# This output is used by Xcode 'outputs' to avoid re-running this script phase.\necho \"SUCCESS\" > \"${SCRIPT_OUTPUT_FILE_0}\"\n";
			showEnvVarsInLog = 0;
		};
		2D17802D5DDBD20AE31EC6F3 /* [CP] Embed Pods Frameworks */ = {
			isa = PBXShellScriptBuildPhase;
			buildActionMask = 2147483647;
			files = (
			);
			inputPaths = (
			);
			name = "[CP] Embed Pods Frameworks";
			outputPaths = (
			);
			runOnlyForDeploymentPostprocessing = 0;
			shellPath = /bin/sh;
			shellScript = "\"${SRCROOT}/Pods/Target Support Files/Pods-Tumblr-FeedTests/Pods-Tumblr-FeedTests-frameworks.sh\"\n";
			showEnvVarsInLog = 0;
		};
		4B589A7FFC9C312D2E4B0571 /* [CP] Embed Pods Frameworks */ = {
			isa = PBXShellScriptBuildPhase;
			buildActionMask = 2147483647;
			files = (
			);
			inputPaths = (
				"${SRCROOT}/Pods/Target Support Files/Pods-Tumblr-Feed/Pods-Tumblr-Feed-frameworks.sh",
				"${BUILT_PRODUCTS_DIR}/Alamofire/Alamofire.framework",
				"${BUILT_PRODUCTS_DIR}/AlamofireImage/AlamofireImage.framework",
			);
			name = "[CP] Embed Pods Frameworks";
			outputPaths = (
				"${TARGET_BUILD_DIR}/${FRAMEWORKS_FOLDER_PATH}/Alamofire.framework",
				"${TARGET_BUILD_DIR}/${FRAMEWORKS_FOLDER_PATH}/AlamofireImage.framework",
			);
			runOnlyForDeploymentPostprocessing = 0;
			shellPath = /bin/sh;
			shellScript = "\"${SRCROOT}/Pods/Target Support Files/Pods-Tumblr-Feed/Pods-Tumblr-Feed-frameworks.sh\"\n";
			showEnvVarsInLog = 0;
		};
		642F2022333805293BB89F07 /* [CP] Copy Pods Resources */ = {
			isa = PBXShellScriptBuildPhase;
			buildActionMask = 2147483647;
			files = (
			);
			inputPaths = (
			);
			name = "[CP] Copy Pods Resources";
			outputPaths = (
			);
			runOnlyForDeploymentPostprocessing = 0;
			shellPath = /bin/sh;
			shellScript = "\"${SRCROOT}/Pods/Target Support Files/Pods-Tumblr-FeedTests/Pods-Tumblr-FeedTests-resources.sh\"\n";
			showEnvVarsInLog = 0;
		};
		8AA34E46BD762EED1C36C4B1 /* [CP] Check Pods Manifest.lock */ = {
			isa = PBXShellScriptBuildPhase;
			buildActionMask = 2147483647;
			files = (
			);
			inputPaths = (
				"${PODS_PODFILE_DIR_PATH}/Podfile.lock",
				"${PODS_ROOT}/Manifest.lock",
			);
			name = "[CP] Check Pods Manifest.lock";
			outputPaths = (
				"$(DERIVED_FILE_DIR)/Pods-Tumblr-FeedUITests-checkManifestLockResult.txt",
			);
			runOnlyForDeploymentPostprocessing = 0;
			shellPath = /bin/sh;
			shellScript = "diff \"${PODS_PODFILE_DIR_PATH}/Podfile.lock\" \"${PODS_ROOT}/Manifest.lock\" > /dev/null\nif [ $? != 0 ] ; then\n    # print error to STDERR\n    echo \"error: The sandbox is not in sync with the Podfile.lock. Run 'pod install' or update your CocoaPods installation.\" >&2\n    exit 1\nfi\n# This output is used by Xcode 'outputs' to avoid re-running this script phase.\necho \"SUCCESS\" > \"${SCRIPT_OUTPUT_FILE_0}\"\n";
			showEnvVarsInLog = 0;
		};
		ECDC7E652778206A028FB891 /* [CP] Embed Pods Frameworks */ = {
			isa = PBXShellScriptBuildPhase;
			buildActionMask = 2147483647;
			files = (
			);
			inputPaths = (
			);
			name = "[CP] Embed Pods Frameworks";
			outputPaths = (
			);
			runOnlyForDeploymentPostprocessing = 0;
			shellPath = /bin/sh;
			shellScript = "\"${SRCROOT}/Pods/Target Support Files/Pods-Tumblr-FeedUITests/Pods-Tumblr-FeedUITests-frameworks.sh\"\n";
			showEnvVarsInLog = 0;
		};
		F66B1C0FAF90F592C9FD5A38 /* [CP] Copy Pods Resources */ = {
			isa = PBXShellScriptBuildPhase;
			buildActionMask = 2147483647;
			files = (
			);
			inputPaths = (
			);
			name = "[CP] Copy Pods Resources";
			outputPaths = (
			);
			runOnlyForDeploymentPostprocessing = 0;
			shellPath = /bin/sh;
			shellScript = "\"${SRCROOT}/Pods/Target Support Files/Pods-Tumblr-Feed/Pods-Tumblr-Feed-resources.sh\"\n";
			showEnvVarsInLog = 0;
		};
/* End PBXShellScriptBuildPhase section */

/* Begin PBXSourcesBuildPhase section */
		4544517D2027DA0200EA2A48 /* Sources */ = {
			isa = PBXSourcesBuildPhase;
			buildActionMask = 2147483647;
			files = (
				454451852027DA0200EA2A48 /* AppDelegate.swift in Sources */,
				454451B52027E7C800EA2A48 /* PhotoCell.swift in Sources */,
				3F0161542033918A00F6055F /* PhotoDetailViewController.swift in Sources */,
				454451B32027DA3400EA2A48 /* PhotoViewController.swift in Sources */,
			);
			runOnlyForDeploymentPostprocessing = 0;
		};
		454451912027DA0200EA2A48 /* Sources */ = {
			isa = PBXSourcesBuildPhase;
			buildActionMask = 2147483647;
			files = (
				4544519A2027DA0200EA2A48 /* Tumblr_FeedTests.swift in Sources */,
			);
			runOnlyForDeploymentPostprocessing = 0;
		};
		4544519C2027DA0200EA2A48 /* Sources */ = {
			isa = PBXSourcesBuildPhase;
			buildActionMask = 2147483647;
			files = (
				454451A52027DA0200EA2A48 /* Tumblr_FeedUITests.swift in Sources */,
			);
			runOnlyForDeploymentPostprocessing = 0;
		};
/* End PBXSourcesBuildPhase section */

/* Begin PBXTargetDependency section */
		454451972027DA0200EA2A48 /* PBXTargetDependency */ = {
			isa = PBXTargetDependency;
			target = 454451802027DA0200EA2A48 /* Tumblr-Feed */;
			targetProxy = 454451962027DA0200EA2A48 /* PBXContainerItemProxy */;
		};
		454451A22027DA0200EA2A48 /* PBXTargetDependency */ = {
			isa = PBXTargetDependency;
			target = 454451802027DA0200EA2A48 /* Tumblr-Feed */;
			targetProxy = 454451A12027DA0200EA2A48 /* PBXContainerItemProxy */;
		};
/* End PBXTargetDependency section */

/* Begin PBXVariantGroup section */
		454451882027DA0200EA2A48 /* Main.storyboard */ = {
			isa = PBXVariantGroup;
			children = (
				454451892027DA0200EA2A48 /* Base */,
			);
			name = Main.storyboard;
			sourceTree = "<group>";
		};
		4544518D2027DA0200EA2A48 /* LaunchScreen.storyboard */ = {
			isa = PBXVariantGroup;
			children = (
				4544518E2027DA0200EA2A48 /* Base */,
			);
			name = LaunchScreen.storyboard;
			sourceTree = "<group>";
		};
/* End PBXVariantGroup section */

/* Begin XCBuildConfiguration section */
		454451A72027DA0200EA2A48 /* Debug */ = {
			isa = XCBuildConfiguration;
			buildSettings = {
				ALWAYS_SEARCH_USER_PATHS = NO;
				CLANG_ANALYZER_NONNULL = YES;
				CLANG_ANALYZER_NUMBER_OBJECT_CONVERSION = YES_AGGRESSIVE;
				CLANG_CXX_LANGUAGE_STANDARD = "gnu++14";
				CLANG_CXX_LIBRARY = "libc++";
				CLANG_ENABLE_MODULES = YES;
				CLANG_ENABLE_OBJC_ARC = YES;
				CLANG_WARN_BLOCK_CAPTURE_AUTORELEASING = YES;
				CLANG_WARN_BOOL_CONVERSION = YES;
				CLANG_WARN_COMMA = YES;
				CLANG_WARN_CONSTANT_CONVERSION = YES;
				CLANG_WARN_DIRECT_OBJC_ISA_USAGE = YES_ERROR;
				CLANG_WARN_DOCUMENTATION_COMMENTS = YES;
				CLANG_WARN_EMPTY_BODY = YES;
				CLANG_WARN_ENUM_CONVERSION = YES;
				CLANG_WARN_INFINITE_RECURSION = YES;
				CLANG_WARN_INT_CONVERSION = YES;
				CLANG_WARN_NON_LITERAL_NULL_CONVERSION = YES;
				CLANG_WARN_OBJC_LITERAL_CONVERSION = YES;
				CLANG_WARN_OBJC_ROOT_CLASS = YES_ERROR;
				CLANG_WARN_RANGE_LOOP_ANALYSIS = YES;
				CLANG_WARN_STRICT_PROTOTYPES = YES;
				CLANG_WARN_SUSPICIOUS_MOVE = YES;
				CLANG_WARN_UNGUARDED_AVAILABILITY = YES_AGGRESSIVE;
				CLANG_WARN_UNREACHABLE_CODE = YES;
				CLANG_WARN__DUPLICATE_METHOD_MATCH = YES;
				CODE_SIGN_IDENTITY = "iPhone Developer";
				COPY_PHASE_STRIP = NO;
				DEBUG_INFORMATION_FORMAT = dwarf;
				ENABLE_STRICT_OBJC_MSGSEND = YES;
				ENABLE_TESTABILITY = YES;
				GCC_C_LANGUAGE_STANDARD = gnu11;
				GCC_DYNAMIC_NO_PIC = NO;
				GCC_NO_COMMON_BLOCKS = YES;
				GCC_OPTIMIZATION_LEVEL = 0;
				GCC_PREPROCESSOR_DEFINITIONS = (
					"DEBUG=1",
					"$(inherited)",
				);
				GCC_WARN_64_TO_32_BIT_CONVERSION = YES;
				GCC_WARN_ABOUT_RETURN_TYPE = YES_ERROR;
				GCC_WARN_UNDECLARED_SELECTOR = YES;
				GCC_WARN_UNINITIALIZED_AUTOS = YES_AGGRESSIVE;
				GCC_WARN_UNUSED_FUNCTION = YES;
				GCC_WARN_UNUSED_VARIABLE = YES;
				IPHONEOS_DEPLOYMENT_TARGET = 11.2;
				MTL_ENABLE_DEBUG_INFO = YES;
				ONLY_ACTIVE_ARCH = YES;
				SDKROOT = iphoneos;
				SWIFT_ACTIVE_COMPILATION_CONDITIONS = DEBUG;
				SWIFT_OPTIMIZATION_LEVEL = "-Onone";
			};
			name = Debug;
		};
		454451A82027DA0200EA2A48 /* Release */ = {
			isa = XCBuildConfiguration;
			buildSettings = {
				ALWAYS_SEARCH_USER_PATHS = NO;
				CLANG_ANALYZER_NONNULL = YES;
				CLANG_ANALYZER_NUMBER_OBJECT_CONVERSION = YES_AGGRESSIVE;
				CLANG_CXX_LANGUAGE_STANDARD = "gnu++14";
				CLANG_CXX_LIBRARY = "libc++";
				CLANG_ENABLE_MODULES = YES;
				CLANG_ENABLE_OBJC_ARC = YES;
				CLANG_WARN_BLOCK_CAPTURE_AUTORELEASING = YES;
				CLANG_WARN_BOOL_CONVERSION = YES;
				CLANG_WARN_COMMA = YES;
				CLANG_WARN_CONSTANT_CONVERSION = YES;
				CLANG_WARN_DIRECT_OBJC_ISA_USAGE = YES_ERROR;
				CLANG_WARN_DOCUMENTATION_COMMENTS = YES;
				CLANG_WARN_EMPTY_BODY = YES;
				CLANG_WARN_ENUM_CONVERSION = YES;
				CLANG_WARN_INFINITE_RECURSION = YES;
				CLANG_WARN_INT_CONVERSION = YES;
				CLANG_WARN_NON_LITERAL_NULL_CONVERSION = YES;
				CLANG_WARN_OBJC_LITERAL_CONVERSION = YES;
				CLANG_WARN_OBJC_ROOT_CLASS = YES_ERROR;
				CLANG_WARN_RANGE_LOOP_ANALYSIS = YES;
				CLANG_WARN_STRICT_PROTOTYPES = YES;
				CLANG_WARN_SUSPICIOUS_MOVE = YES;
				CLANG_WARN_UNGUARDED_AVAILABILITY = YES_AGGRESSIVE;
				CLANG_WARN_UNREACHABLE_CODE = YES;
				CLANG_WARN__DUPLICATE_METHOD_MATCH = YES;
				CODE_SIGN_IDENTITY = "iPhone Developer";
				COPY_PHASE_STRIP = NO;
				DEBUG_INFORMATION_FORMAT = "dwarf-with-dsym";
				ENABLE_NS_ASSERTIONS = NO;
				ENABLE_STRICT_OBJC_MSGSEND = YES;
				GCC_C_LANGUAGE_STANDARD = gnu11;
				GCC_NO_COMMON_BLOCKS = YES;
				GCC_WARN_64_TO_32_BIT_CONVERSION = YES;
				GCC_WARN_ABOUT_RETURN_TYPE = YES_ERROR;
				GCC_WARN_UNDECLARED_SELECTOR = YES;
				GCC_WARN_UNINITIALIZED_AUTOS = YES_AGGRESSIVE;
				GCC_WARN_UNUSED_FUNCTION = YES;
				GCC_WARN_UNUSED_VARIABLE = YES;
				IPHONEOS_DEPLOYMENT_TARGET = 11.2;
				MTL_ENABLE_DEBUG_INFO = NO;
				SDKROOT = iphoneos;
				SWIFT_OPTIMIZATION_LEVEL = "-Owholemodule";
				VALIDATE_PRODUCT = YES;
			};
			name = Release;
		};
		454451AA2027DA0200EA2A48 /* Debug */ = {
			isa = XCBuildConfiguration;
			baseConfigurationReference = B3EB9877C4F41093E22E8EC2 /* Pods-Tumblr-Feed.debug.xcconfig */;
			buildSettings = {
				ASSETCATALOG_COMPILER_APPICON_NAME = AppIcon;
				CODE_SIGN_STYLE = Automatic;
				INFOPLIST_FILE = "Tumblr-Feed/Info.plist";
				LD_RUNPATH_SEARCH_PATHS = "$(inherited) @executable_path/Frameworks";
				PRODUCT_BUNDLE_IDENTIFIER = "None.Tumblr-Feed";
				PRODUCT_NAME = "$(TARGET_NAME)";
				SWIFT_VERSION = 4.0;
				TARGETED_DEVICE_FAMILY = "1,2";
			};
			name = Debug;
		};
		454451AB2027DA0200EA2A48 /* Release */ = {
			isa = XCBuildConfiguration;
			baseConfigurationReference = 38D556142C03BACD189626FC /* Pods-Tumblr-Feed.release.xcconfig */;
			buildSettings = {
				ASSETCATALOG_COMPILER_APPICON_NAME = AppIcon;
				CODE_SIGN_STYLE = Automatic;
				INFOPLIST_FILE = "Tumblr-Feed/Info.plist";
				LD_RUNPATH_SEARCH_PATHS = "$(inherited) @executable_path/Frameworks";
				PRODUCT_BUNDLE_IDENTIFIER = "None.Tumblr-Feed";
				PRODUCT_NAME = "$(TARGET_NAME)";
				SWIFT_VERSION = 4.0;
				TARGETED_DEVICE_FAMILY = "1,2";
			};
			name = Release;
		};
		454451AD2027DA0200EA2A48 /* Debug */ = {
			isa = XCBuildConfiguration;
			baseConfigurationReference = A641449B3579396BC625EC59 /* Pods-Tumblr-FeedTests.debug.xcconfig */;
			buildSettings = {
				ALWAYS_EMBED_SWIFT_STANDARD_LIBRARIES = YES;
				BUNDLE_LOADER = "$(TEST_HOST)";
				CODE_SIGN_STYLE = Automatic;
				INFOPLIST_FILE = "Tumblr-FeedTests/Info.plist";
				LD_RUNPATH_SEARCH_PATHS = "$(inherited) @executable_path/Frameworks @loader_path/Frameworks";
				PRODUCT_BUNDLE_IDENTIFIER = "None.Tumblr-FeedTests";
				PRODUCT_NAME = "$(TARGET_NAME)";
				SWIFT_VERSION = 4.0;
				TARGETED_DEVICE_FAMILY = "1,2";
				TEST_HOST = "$(BUILT_PRODUCTS_DIR)/Tumblr-Feed.app/Tumblr-Feed";
			};
			name = Debug;
		};
		454451AE2027DA0200EA2A48 /* Release */ = {
			isa = XCBuildConfiguration;
			baseConfigurationReference = BE5E05934B079A69DAA30FCB /* Pods-Tumblr-FeedTests.release.xcconfig */;
			buildSettings = {
				ALWAYS_EMBED_SWIFT_STANDARD_LIBRARIES = YES;
				BUNDLE_LOADER = "$(TEST_HOST)";
				CODE_SIGN_STYLE = Automatic;
				INFOPLIST_FILE = "Tumblr-FeedTests/Info.plist";
				LD_RUNPATH_SEARCH_PATHS = "$(inherited) @executable_path/Frameworks @loader_path/Frameworks";
				PRODUCT_BUNDLE_IDENTIFIER = "None.Tumblr-FeedTests";
				PRODUCT_NAME = "$(TARGET_NAME)";
				SWIFT_VERSION = 4.0;
				TARGETED_DEVICE_FAMILY = "1,2";
				TEST_HOST = "$(BUILT_PRODUCTS_DIR)/Tumblr-Feed.app/Tumblr-Feed";
			};
			name = Release;
		};
		454451B02027DA0200EA2A48 /* Debug */ = {
			isa = XCBuildConfiguration;
			baseConfigurationReference = FAB6B337239CCCB130E9B473 /* Pods-Tumblr-FeedUITests.debug.xcconfig */;
			buildSettings = {
				ALWAYS_EMBED_SWIFT_STANDARD_LIBRARIES = YES;
				CODE_SIGN_STYLE = Automatic;
				INFOPLIST_FILE = "Tumblr-FeedUITests/Info.plist";
				LD_RUNPATH_SEARCH_PATHS = "$(inherited) @executable_path/Frameworks @loader_path/Frameworks";
				PRODUCT_BUNDLE_IDENTIFIER = "None.Tumblr-FeedUITests";
				PRODUCT_NAME = "$(TARGET_NAME)";
				SWIFT_VERSION = 4.0;
				TARGETED_DEVICE_FAMILY = "1,2";
				TEST_TARGET_NAME = "Tumblr-Feed";
			};
			name = Debug;
		};
		454451B12027DA0200EA2A48 /* Release */ = {
			isa = XCBuildConfiguration;
			baseConfigurationReference = 1CBBABBD84167781E1A4444E /* Pods-Tumblr-FeedUITests.release.xcconfig */;
			buildSettings = {
				ALWAYS_EMBED_SWIFT_STANDARD_LIBRARIES = YES;
				CODE_SIGN_STYLE = Automatic;
				INFOPLIST_FILE = "Tumblr-FeedUITests/Info.plist";
				LD_RUNPATH_SEARCH_PATHS = "$(inherited) @executable_path/Frameworks @loader_path/Frameworks";
				PRODUCT_BUNDLE_IDENTIFIER = "None.Tumblr-FeedUITests";
				PRODUCT_NAME = "$(TARGET_NAME)";
				SWIFT_VERSION = 4.0;
				TARGETED_DEVICE_FAMILY = "1,2";
				TEST_TARGET_NAME = "Tumblr-Feed";
			};
			name = Release;
		};
/* End XCBuildConfiguration section */

/* Begin XCConfigurationList section */
		4544517C2027DA0200EA2A48 /* Build configuration list for PBXProject "Tumblr-Feed" */ = {
			isa = XCConfigurationList;
			buildConfigurations = (
				454451A72027DA0200EA2A48 /* Debug */,
				454451A82027DA0200EA2A48 /* Release */,
			);
			defaultConfigurationIsVisible = 0;
			defaultConfigurationName = Release;
		};
		454451A92027DA0200EA2A48 /* Build configuration list for PBXNativeTarget "Tumblr-Feed" */ = {
			isa = XCConfigurationList;
			buildConfigurations = (
				454451AA2027DA0200EA2A48 /* Debug */,
				454451AB2027DA0200EA2A48 /* Release */,
			);
			defaultConfigurationIsVisible = 0;
			defaultConfigurationName = Release;
		};
		454451AC2027DA0200EA2A48 /* Build configuration list for PBXNativeTarget "Tumblr-FeedTests" */ = {
			isa = XCConfigurationList;
			buildConfigurations = (
				454451AD2027DA0200EA2A48 /* Debug */,
				454451AE2027DA0200EA2A48 /* Release */,
			);
			defaultConfigurationIsVisible = 0;
			defaultConfigurationName = Release;
		};
		454451AF2027DA0200EA2A48 /* Build configuration list for PBXNativeTarget "Tumblr-FeedUITests" */ = {
			isa = XCConfigurationList;
			buildConfigurations = (
				454451B02027DA0200EA2A48 /* Debug */,
				454451B12027DA0200EA2A48 /* Release */,
			);
			defaultConfigurationIsVisible = 0;
			defaultConfigurationName = Release;
		};
/* End XCConfigurationList section */
	};
	rootObject = 454451792027DA0200EA2A48 /* Project object */;
}
